
Microsoft Visual Studio Solution File, Format Version 12.00
# Visual Studio 15
VisualStudioVersion = 15.0.27004.2005
MinimumVisualStudioVersion = 10.0.40219.1
Project("{8BC9CEB8-8B4A-11D0-8D11-00A0C91BC942}") = "Chapter22", "Chapter22.vcxproj", "{5A1411D8-555D-4B42-A620-9D8A7A4C4E5E}"
EndProject
Global
	GlobalSection(SolutionConfigurationPlatforms) = preSolution
		Debug|x64 = Debug|x64
		Debug|x86 = Debug|x86
		Release|x64 = Release|x64
		Release|x86 = Release|x86
	EndGlobalSection
	GlobalSection(ProjectConfigurationPlatforms) = postSolution
		{5A1411D8-555D-4B42-A620-9D8A7A4C4E5E}.Debug|x64.ActiveCfg = Debug|x64
		{5A1411D8-555D-4B42-A620-9D8A7A4C4E5E}.Debug|x64.Build.0 = Debug|x64
		{5A1411D8-555D-4B42-A620-9D8A7A4C4E5E}.Debug|x86.ActiveCfg = Debug|Win32
		{5A1411D8-555D-4B42-A620-9D8A7A4C4E5E}.Debug|x86.Build.0 = Debug|Win32
		{5A1411D8-555D-4B42-A620-9D8A7A4C4E5E}.Release|x64.ActiveCfg = Release|x64
		{5A1411D8-555D-4B42-A620-9D8A7A4C4E5E}.Release|x64.Build.0 = Release|x64
		{5A1411D8-555D-4B42-A620-9D8A7A4C4E5E}.Release|x86.ActiveCfg = Release|Win32
		{5A1411D8-555D-4B42-A620-9D8A7A4C4E5E}.Release|x86.Build.0 = Release|Win32
	EndGlobalSection
	GlobalSection(SolutionProperties) = preSolution
		HideSolutionNode = FALSE
	EndGlobalSection
	GlobalSection(ExtensibilityGlobals) = postSolution
		SolutionGuid = {9193BEEF-9D0C-4DD1-B209-6D6FC8E0C0BA}
	EndGlobalSection
EndGlobal
